
Microsoft Visual Studio Solution File, Format Version 12.00
# Visual Studio Version 16
VisualStudioVersion = 16.0.31129.286
MinimumVisualStudioVersion = 10.0.40219.1
Project("{9092AA53-FB77-4645-B42D-1CCCA6BD08BD}") = "NodejsWithExpressWebApp", "NodejsWithExpressWebApp.njsproj", "{CF2B7168-FCC7-4801-A09D-ECF9C41DD857}"
EndProject
Global
	GlobalSection(SolutionConfigurationPlatforms) = preSolution
		Debug|Any CPU = Debug|Any CPU
		Release|Any CPU = Release|Any CPU
	EndGlobalSection
	GlobalSection(ProjectConfigurationPlatforms) = postSolution
		{CF2B7168-FCC7-4801-A09D-ECF9C41DD857}.Debug|Any CPU.ActiveCfg = Debug|Any CPU
		{CF2B7168-FCC7-4801-A09D-ECF9C41DD857}.Debug|Any CPU.Build.0 = Debug|Any CPU
		{CF2B7168-FCC7-4801-A09D-ECF9C41DD857}.Release|Any CPU.ActiveCfg = Release|Any CPU
		{CF2B7168-FCC7-4801-A09D-ECF9C41DD857}.Release|Any CPU.Build.0 = Release|Any CPU
	EndGlobalSection
	GlobalSection(SolutionProperties) = preSolution
		HideSolutionNode = FALSE
	EndGlobalSection
	GlobalSection(ExtensibilityGlobals) = postSolution
		SolutionGuid = {510365CE-7251-41F5-9946-51D1E5238ED0}
	EndGlobalSection
EndGlobal
